<?xml version="1.0" encoding="utf-8"?>
<Project ToolsVersion="4.0" xmlns="http://schemas.microsoft.com/developer/msbuild/2003">
  <ItemGroup>
    <Filter Include="Source Files">
      <UniqueIdentifier>{4FC737F1-C7A5-4376-A066-2A32D752A2FF}</UniqueIdentifier>
      <Extensions>cpp;c;cc;cxx;c++;cppm;ixx;def;odl;idl;hpj;bat;asm;asmx</Extensions>
    </Filter>
    <Filter Include="Header Files">
      <UniqueIdentifier>{93995380-89BD-4b04-88EB-625FBE52EBFB}</UniqueIdentifier>
      <Extensions>h;hh;hpp;hxx;h++;hm;inl;inc;ipp;xsd</Extensions>
    </Filter>
    <Filter Include="Resource Files">
      <UniqueIdentifier>{67DA6AB6-F800-4c08-8B7A-83BB121AAD01}</UniqueIdentifier>
      <Extensions>rc;ico;cur;bmp;dlg;rc2;rct;bin;rgs;gif;jpg;jpeg;jpe;resx;tiff;tif;png;wav;mfcribbon-ms</Extensions>
    </Filter>
    <Filter Include="Header Files\Lib">
      <UniqueIdentifier>{e56b1e4c-1dcb-4918-8a07-3f635ff3fd27}</UniqueIdentifier>
    </Filter>
    <Filter Include="Header Files\Lib\stb_image">
      <UniqueIdentifier>{60ee83a5-7783-4152-9408-34ffb0bc2346}</UniqueIdentifier>
    </Filter>
    <Filter Include="Header Files\Lib\imgui">
      <UniqueIdentifier>{7a0de13b-b118-4c33-91e1-1fd39d7b1461}</UniqueIdentifier>
    </Filter>
    <Filter Include="Source Files\Lib">
      <UniqueIdentifier>{50a59fde-6adc-4235-8a35-4ef64d8763e8}</UniqueIdentifier>
    </Filter>
    <Filter Include="Source Files\Lib\imgui">
      <UniqueIdentifier>{2a0fad77-ba3d-44b8-a280-3872e0b137cc}</UniqueIdentifier>
    </Filter>
    <Filter Include="Source Files\Lib\stb_image">
      <UniqueIdentifier>{05439a65-cd86-439d-9461-ad13c3722b01}</UniqueIdentifier>
    </Filter>
    <Filter Include="Header Files\Src">
      <UniqueIdentifier>{1eae37f2-57f8-4cb6-9c1f-5d6330f80f26}</UniqueIdentifier>
    </Filter>
    <Filter Include="Source Files\Src">
      <UniqueIdentifier>{82f02057-fb67-4d0f-a381-418f0c3d428c}</UniqueIdentifier>
    </Filter>
    <Filter Include="Header Files\Src\Application">
      <UniqueIdentifier>{e9e4c3d2-c67e-4cde-b413-c390fb50606b}</UniqueIdentifier>
    </Filter>
    <Filter Include="Source Files\Src\Application">
      <UniqueIdentifier>{e088d486-96a3-4da4-a461-e7a6d2bc5321}</UniqueIdentifier>
    </Filter>
    <Filter Include="Source Files\Src\Modules">
      <UniqueIdentifier>{22569b45-bb05-4fcf-8872-f89a126c52b3}</UniqueIdentifier>
    </Filter>
    <Filter Include="Source Files\Src\Modules\InputModule">
      <UniqueIdentifier>{67c465f4-335f-4552-adcd-1eb6b736fff0}</UniqueIdentifier>
    </Filter>
    <Filter Include="Header Files\Src\Modules">
      <UniqueIdentifier>{ee186d0f-2604-4234-9af3-3e4214dc9547}</UniqueIdentifier>
    </Filter>
    <Filter Include="Header Files\Src\Modules\InputModule">
      <UniqueIdentifier>{d98df7c0-e422-45d6-a164-a10361c943a3}</UniqueIdentifier>
    </Filter>
    <Filter Include="Source Files\Src\Modules\DisplayModule">
      <UniqueIdentifier>{45ce3452-add6-4cf6-9199-bcfcd72ce597}</UniqueIdentifier>
    </Filter>
    <Filter Include="Header Files\Src\Modules\DisplayModule">
      <UniqueIdentifier>{b3d9a173-cf62-4f81-b7ad-275ffa506b2e}</UniqueIdentifier>
    </Filter>
    <Filter Include="Header Files\Src\Modules\GraphicsModule">
      <UniqueIdentifier>{00bea5da-23d5-451c-bf84-779e1903a73a}</UniqueIdentifier>
    </Filter>
    <Filter Include="Source Files\Src\Modules\GraphicsModule">
      <UniqueIdentifier>{cb1c0526-0bf7-42de-b296-95f75cc16b03}</UniqueIdentifier>
    </Filter>
  </ItemGroup>
  <ItemGroup>
    <ClCompile Include="..\..\..\Libraries\stb_image\stb_image.cpp">
      <Filter>Source Files\Lib\stb_image</Filter>
    </ClCompile>
    <ClCompile Include="..\..\..\Libraries\imgui\include\imgui\imgui.cpp">
      <Filter>Source Files\Lib\imgui</Filter>
    </ClCompile>
    <ClCompile Include="..\..\..\Libraries\imgui\include\imgui\imgui_demo.cpp">
      <Filter>Source Files\Lib\imgui</Filter>
    </ClCompile>
    <ClCompile Include="..\..\..\Libraries\imgui\include\imgui\imgui_draw.cpp">
      <Filter>Source Files\Lib\imgui</Filter>
    </ClCompile>
    <ClCompile Include="..\..\..\Libraries\imgui\include\imgui\imgui_impl_glfw.cpp">
      <Filter>Source Files\Lib\imgui</Filter>
    </ClCompile>
    <ClCompile Include="..\..\..\Libraries\imgui\include\imgui\imgui_impl_opengl3.cpp">
      <Filter>Source Files\Lib\imgui</Filter>
    </ClCompile>
    <ClCompile Include="..\..\..\Libraries\imgui\include\imgui\imgui_tables.cpp">
      <Filter>Source Files\Lib\imgui</Filter>
    </ClCompile>
    <ClCompile Include="..\..\..\Libraries\imgui\include\imgui\imgui_widgets.cpp">
      <Filter>Source Files\Lib\imgui</Filter>
    </ClCompile>
    <ClCompile Include="..\..\..\Libraries\glad\glad.c">
      <Filter>Source Files\Lib</Filter>
    </ClCompile>
    <ClCompile Include="src\Application\Application.cpp">
      <Filter>Source Files\Src\Application</Filter>
    </ClCompile>
    <ClCompile Include="src\Application\Main.cpp">
      <Filter>Source Files\Src\Application</Filter>
    </ClCompile>
    <ClCompile Include="src\Modules\InputModule\InputModule.cpp">
      <Filter>Source Files\Src\Modules\InputModule</Filter>
    </ClCompile>
    <ClCompile Include="src\Modules\DisplayModule\DisplayModule.cpp">
      <Filter>Source Files\Src\Modules\DisplayModule</Filter>
    </ClCompile>
    <ClCompile Include="src\Modules\GraphicsModule\GraphicsModule.cpp">
      <Filter>Source Files\Src\Modules\GraphicsModule</Filter>
    </ClCompile>
  </ItemGroup>
  <ItemGroup>
    <ClInclude Include="..\..\..\Libraries\stb_image\stb_image.h">
      <Filter>Header Files\Lib\stb_image</Filter>
    </ClInclude>
    <ClInclude Include="..\..\..\Libraries\imgui\include\imgui\imconfig.h">
      <Filter>Header Files\Lib\imgui</Filter>
    </ClInclude>
    <ClInclude Include="..\..\..\Libraries\imgui\include\imgui\imgui.h">
      <Filter>Header Files\Lib\imgui</Filter>
    </ClInclude>
    <ClInclude Include="..\..\..\Libraries\imgui\include\imgui\imgui_impl_glfw.h">
      <Filter>Header Files\Lib\imgui</Filter>
    </ClInclude>
    <ClInclude Include="..\..\..\Libraries\imgui\include\imgui\imgui_impl_opengl3.h">
      <Filter>Header Files\Lib\imgui</Filter>
    </ClInclude>
    <ClInclude Include="..\..\..\Libraries\imgui\include\imgui\imgui_impl_opengl3_loader.h">
      <Filter>Header Files\Lib\imgui</Filter>
    </ClInclude>
    <ClInclude Include="..\..\..\Libraries\imgui\include\imgui\imgui_internal.h">
      <Filter>Header Files\Lib\imgui</Filter>
    </ClInclude>
    <ClInclude Include="..\..\..\Libraries\imgui\include\imgui\imstb_rectpack.h">
      <Filter>Header Files\Lib\imgui</Filter>
    </ClInclude>
    <ClInclude Include="..\..\..\Libraries\imgui\include\imgui\imstb_textedit.h">
      <Filter>Header Files\Lib\imgui</Filter>
    </ClInclude>
    <ClInclude Include="..\..\..\Libraries\imgui\include\imgui\imstb_truetype.h">
      <Filter>Header Files\Lib\imgui</Filter>
    </ClInclude>
    <ClInclude Include="include\Application\Application.hpp">
      <Filter>Header Files\Src\Application</Filter>
    </ClInclude>
    <ClInclude Include="include\Modules\InputModule\InputModule.hpp">
      <Filter>Header Files\Src\Modules\InputModule</Filter>
    </ClInclude>
    <ClInclude Include="include\Modules\DisplayModule\DisplayModule.hpp">
      <Filter>Header Files\Src\Modules\DisplayModule</Filter>
    </ClInclude>
    <ClInclude Include="include\Modules\GraphicsModule\GraphicsModule.hpp">
      <Filter>Header Files\Src\Modules\GraphicsModule</Filter>
    </ClInclude>
  </ItemGroup>
</Project>