<?xml version="1.0" encoding="utf-8"?>
<Project ToolsVersion="4.0" xmlns="http://schemas.microsoft.com/developer/msbuild/2003">
  <ItemGroup>
    <Filter Include="Source Files">
      <UniqueIdentifier>{4FC737F1-C7A5-4376-A066-2A32D752A2FF}</UniqueIdentifier>
      <Extensions>cpp;c;cc;cxx;c++;cppm;ixx;def;odl;idl;hpj;bat;asm;asmx</Extensions>
    </Filter>
    <Filter Include="Header Files">
      <UniqueIdentifier>{93995380-89BD-4b04-88EB-625FBE52EBFB}</UniqueIdentifier>
      <Extensions>h;hh;hpp;hxx;h++;hm;inl;inc;ipp;xsd</Extensions>
    </Filter>
    <Filter Include="Resource Files">
      <UniqueIdentifier>{67DA6AB6-F800-4c08-8B7A-83BB121AAD01}</UniqueIdentifier>
      <Extensions>rc;ico;cur;bmp;dlg;rc2;rct;bin;rgs;gif;jpg;jpeg;jpe;resx;tiff;tif;png;wav;mfcribbon-ms</Extensions>
    </Filter>
    <Filter Include="Header Files\Lib">
      <UniqueIdentifier>{e56b1e4c-1dcb-4918-8a07-3f635ff3fd27}</UniqueIdentifier>
    </Filter>
    <Filter Include="Header Files\Lib\stb_image">
      <UniqueIdentifier>{60ee83a5-7783-4152-9408-34ffb0bc2346}</UniqueIdentifier>
    </Filter>
    <Filter Include="Header Files\Lib\imgui">
      <UniqueIdentifier>{7a0de13b-b118-4c33-91e1-1fd39d7b1461}</UniqueIdentifier>
    </Filter>
    <Filter Include="Source Files\Lib">
      <UniqueIdentifier>{50a59fde-6adc-4235-8a35-4ef64d8763e8}</UniqueIdentifier>
    </Filter>
    <Filter Include="Source Files\Lib\imgui">
      <UniqueIdentifier>{2a0fad77-ba3d-44b8-a280-3872e0b137cc}</UniqueIdentifier>
    </Filter>
    <Filter Include="Source Files\Lib\stb_image">
      <UniqueIdentifier>{05439a65-cd86-439d-9461-ad13c3722b01}</UniqueIdentifier>
    </Filter>
    <Filter Include="Header Files\Src">
      <UniqueIdentifier>{1eae37f2-57f8-4cb6-9c1f-5d6330f80f26}</UniqueIdentifier>
    </Filter>
    <Filter Include="Source Files\Src">
      <UniqueIdentifier>{82f02057-fb67-4d0f-a381-418f0c3d428c}</UniqueIdentifier>
    </Filter>
    <Filter Include="Header Files\Src\Application">
      <UniqueIdentifier>{e9e4c3d2-c67e-4cde-b413-c390fb50606b}</UniqueIdentifier>
    </Filter>
    <Filter Include="Header Files\Src\MessageRouter">
      <UniqueIdentifier>{bc1b9cc0-6f90-4631-8ef6-de8239d5517b}</UniqueIdentifier>
    </Filter>
    <Filter Include="Source Files\Src\Application">
      <UniqueIdentifier>{e088d486-96a3-4da4-a461-e7a6d2bc5321}</UniqueIdentifier>
    </Filter>
    <Filter Include="Source Files\Src\MessageRouter">
      <UniqueIdentifier>{9d42b538-b8f6-460f-b4bd-caf04a14eaa6}</UniqueIdentifier>
    </Filter>
    <Filter Include="Header Files\Src\Managers">
      <UniqueIdentifier>{f4552020-8db0-430c-a7c2-f4a952abdc0b}</UniqueIdentifier>
    </Filter>
    <Filter Include="Source Files\Src\Managers">
      <UniqueIdentifier>{39dff67f-4e05-4426-904f-f8e94aad3e98}</UniqueIdentifier>
    </Filter>
    <Filter Include="Header Files\Src\Managers\GraphicsManager">
      <UniqueIdentifier>{108eb4b2-55ba-4285-949e-0e519dd985f4}</UniqueIdentifier>
    </Filter>
    <Filter Include="Source Files\Src\Managers\GraphicsManager">
      <UniqueIdentifier>{597df0ff-8abe-451a-898a-9feb48261090}</UniqueIdentifier>
    </Filter>
    <Filter Include="Header Files\Src\Managers\InputManager">
      <UniqueIdentifier>{292ac071-a874-4152-aa6f-f448ae51ee4b}</UniqueIdentifier>
    </Filter>
    <Filter Include="Source Files\Src\Managers\InputManager">
      <UniqueIdentifier>{32e9af9e-a43f-43a0-9734-069097b7e693}</UniqueIdentifier>
    </Filter>
    <Filter Include="Header Files\Src\Managers\InputManager\Event">
      <UniqueIdentifier>{6fff80c4-ad93-4f30-a2c9-9333b26c3ead}</UniqueIdentifier>
    </Filter>
    <Filter Include="Source Files\Src\Managers\InputManager\Event">
      <UniqueIdentifier>{ed18d754-c6ac-4d23-824e-0c91774e4c92}</UniqueIdentifier>
    </Filter>
  </ItemGroup>
  <ItemGroup>
    <ClCompile Include="..\..\..\Libraries\stb_image\stb_image.cpp">
      <Filter>Source Files\Lib\stb_image</Filter>
    </ClCompile>
    <ClCompile Include="..\..\..\Libraries\imgui\include\imgui\imgui.cpp">
      <Filter>Source Files\Lib\imgui</Filter>
    </ClCompile>
    <ClCompile Include="..\..\..\Libraries\imgui\include\imgui\imgui_demo.cpp">
      <Filter>Source Files\Lib\imgui</Filter>
    </ClCompile>
    <ClCompile Include="..\..\..\Libraries\imgui\include\imgui\imgui_draw.cpp">
      <Filter>Source Files\Lib\imgui</Filter>
    </ClCompile>
    <ClCompile Include="..\..\..\Libraries\imgui\include\imgui\imgui_impl_glfw.cpp">
      <Filter>Source Files\Lib\imgui</Filter>
    </ClCompile>
    <ClCompile Include="..\..\..\Libraries\imgui\include\imgui\imgui_impl_opengl3.cpp">
      <Filter>Source Files\Lib\imgui</Filter>
    </ClCompile>
    <ClCompile Include="..\..\..\Libraries\imgui\include\imgui\imgui_tables.cpp">
      <Filter>Source Files\Lib\imgui</Filter>
    </ClCompile>
    <ClCompile Include="..\..\..\Libraries\imgui\include\imgui\imgui_widgets.cpp">
      <Filter>Source Files\Lib\imgui</Filter>
    </ClCompile>
    <ClCompile Include="..\..\..\Libraries\glad\glad.c">
      <Filter>Source Files\Lib</Filter>
    </ClCompile>
    <ClCompile Include="src\Application\Application.cpp">
      <Filter>Source Files\Src\Application</Filter>
    </ClCompile>
    <ClCompile Include="src\Application\Main.cpp">
      <Filter>Source Files\Src\Application</Filter>
    </ClCompile>
    <ClCompile Include="src\MessageRouter\MessageRouter.cpp">
      <Filter>Source Files\Src\MessageRouter</Filter>
    </ClCompile>
    <ClCompile Include="src\Managers\GraphicsManager\GraphicsManager.cpp">
      <Filter>Source Files\Src\Managers\GraphicsManager</Filter>
    </ClCompile>
    <ClCompile Include="src\Managers\InputManager\InputManager.cpp">
      <Filter>Source Files\Src\Managers\InputManager</Filter>
    </ClCompile>
    <ClCompile Include="src\Managers\InputManager\Event\KeyboardEvent.cpp">
      <Filter>Source Files\Src\Managers\InputManager\Event</Filter>
    </ClCompile>
    <ClCompile Include="src\Managers\InputManager\Event\MouseButtonEvent.cpp">
      <Filter>Source Files\Src\Managers\InputManager\Event</Filter>
    </ClCompile>
    <ClCompile Include="src\Managers\InputManager\Event\MouseEvent.cpp">
      <Filter>Source Files\Src\Managers\InputManager\Event</Filter>
    </ClCompile>
  </ItemGroup>
  <ItemGroup>
    <ClInclude Include="..\..\..\Libraries\stb_image\stb_image.h">
      <Filter>Header Files\Lib\stb_image</Filter>
    </ClInclude>
    <ClInclude Include="..\..\..\Libraries\imgui\include\imgui\imconfig.h">
      <Filter>Header Files\Lib\imgui</Filter>
    </ClInclude>
    <ClInclude Include="..\..\..\Libraries\imgui\include\imgui\imgui.h">
      <Filter>Header Files\Lib\imgui</Filter>
    </ClInclude>
    <ClInclude Include="..\..\..\Libraries\imgui\include\imgui\imgui_impl_glfw.h">
      <Filter>Header Files\Lib\imgui</Filter>
    </ClInclude>
    <ClInclude Include="..\..\..\Libraries\imgui\include\imgui\imgui_impl_opengl3.h">
      <Filter>Header Files\Lib\imgui</Filter>
    </ClInclude>
    <ClInclude Include="..\..\..\Libraries\imgui\include\imgui\imgui_impl_opengl3_loader.h">
      <Filter>Header Files\Lib\imgui</Filter>
    </ClInclude>
    <ClInclude Include="..\..\..\Libraries\imgui\include\imgui\imgui_internal.h">
      <Filter>Header Files\Lib\imgui</Filter>
    </ClInclude>
    <ClInclude Include="..\..\..\Libraries\imgui\include\imgui\imstb_rectpack.h">
      <Filter>Header Files\Lib\imgui</Filter>
    </ClInclude>
    <ClInclude Include="..\..\..\Libraries\imgui\include\imgui\imstb_textedit.h">
      <Filter>Header Files\Lib\imgui</Filter>
    </ClInclude>
    <ClInclude Include="..\..\..\Libraries\imgui\include\imgui\imstb_truetype.h">
      <Filter>Header Files\Lib\imgui</Filter>
    </ClInclude>
    <ClInclude Include="include\Application\Application.hpp">
      <Filter>Header Files\Src\Application</Filter>
    </ClInclude>
    <ClInclude Include="include\Application\IApplication.hpp">
      <Filter>Header Files\Src\Application</Filter>
    </ClInclude>
    <ClInclude Include="include\MessageRouter\IMessageRouter.hpp">
      <Filter>Header Files\Src\MessageRouter</Filter>
    </ClInclude>
    <ClInclude Include="include\MessageRouter\MessageRouter.hpp">
      <Filter>Header Files\Src\MessageRouter</Filter>
    </ClInclude>
    <ClInclude Include="include\Managers\IManager.hpp">
      <Filter>Header Files\Src\Managers</Filter>
    </ClInclude>
    <ClInclude Include="include\Managers\GraphicsManager\GraphicsManager.hpp">
      <Filter>Header Files\Src\Managers\GraphicsManager</Filter>
    </ClInclude>
    <ClInclude Include="include\Managers\InputManager\InputManager.hpp">
      <Filter>Header Files\Src\Managers\InputManager</Filter>
    </ClInclude>
    <ClInclude Include="include\Managers\InputManager\Event\IEvent.hpp">
      <Filter>Header Files\Src\Managers\InputManager\Event</Filter>
    </ClInclude>
    <ClInclude Include="include\Managers\InputManager\Event\KeyboardEvent.hpp">
      <Filter>Header Files\Src\Managers\InputManager\Event</Filter>
    </ClInclude>
    <ClInclude Include="include\Managers\InputManager\Event\MouseButtonEvent.hpp">
      <Filter>Header Files\Src\Managers\InputManager\Event</Filter>
    </ClInclude>
    <ClInclude Include="include\Managers\InputManager\Event\MouseEvent.hpp">
      <Filter>Header Files\Src\Managers\InputManager\Event</Filter>
    </ClInclude>
  </ItemGroup>
</Project>